
Microsoft Visual Studio Solution File, Format Version 12.00
# Visual Studio Version 16
VisualStudioVersion = 16.0.32510.428
MinimumVisualStudioVersion = 10.0.40219.1
Project("{FAE04EC0-301F-11D3-BF4B-00C04F79EFBC}") = "DoAn_PTTK_HTTT", "DoAn_PTTK_HTTT\DoAn_PTTK_HTTT.csproj", "{18B82D5F-E4BC-449A-925D-83DCFD32083D}"
EndProject
Global
	GlobalSection(SolutionConfigurationPlatforms) = preSolution
		Debug|Any CPU = Debug|Any CPU
		Release|Any CPU = Release|Any CPU
	EndGlobalSection
	GlobalSection(ProjectConfigurationPlatforms) = postSolution
		{18B82D5F-E4BC-449A-925D-83DCFD32083D}.Debug|Any CPU.ActiveCfg = Debug|Any CPU
		{18B82D5F-E4BC-449A-925D-83DCFD32083D}.Debug|Any CPU.Build.0 = Debug|Any CPU
		{18B82D5F-E4BC-449A-925D-83DCFD32083D}.Release|Any CPU.ActiveCfg = Release|Any CPU
		{18B82D5F-E4BC-449A-925D-83DCFD32083D}.Release|Any CPU.Build.0 = Release|Any CPU
	EndGlobalSection
	GlobalSection(SolutionProperties) = preSolution
		HideSolutionNode = FALSE
	EndGlobalSection
	GlobalSection(ExtensibilityGlobals) = postSolution
		SolutionGuid = {0DC3BBB7-BB84-42B5-8E93-3D53E4CEFCE2}
	EndGlobalSection
EndGlobal
